
Microsoft Visual Studio Solution File, Format Version 12.00
# Visual Studio 2012
Project("{FAE04EC0-301F-11D3-BF4B-00C04F79EFBC}") = "Fourth.SqlUnitTestCreator", "Fourth.SqlUnitTestCreator\Fourth.SqlUnitTestCreator.csproj", "{BA2B88A9-F2E1-4602-8420-348FE23DE94C}"
EndProject
Project("{2150E333-8FDC-42A3-9474-1A3956D46DE8}") = ".nuget", ".nuget", "{552F3420-00AB-4DD9-8F8F-8E6B0D8CB11D}"
	ProjectSection(SolutionItems) = preProject
		.nuget\NuGet.Config = .nuget\NuGet.Config
		.nuget\NuGet.exe = .nuget\NuGet.exe
		.nuget\NuGet.targets = .nuget\NuGet.targets
	EndProjectSection
EndProject
Project("{FAE04EC0-301F-11D3-BF4B-00C04F79EFBC}") = "TestOutPut", "TestOutPut\TestOutPut.csproj", "{CC015F28-0081-4D8D-BD25-B2764B5FB42F}"
EndProject
Global
	GlobalSection(SolutionConfigurationPlatforms) = preSolution
		Debug|Any CPU = Debug|Any CPU
		Release|Any CPU = Release|Any CPU
	EndGlobalSection
	GlobalSection(ProjectConfigurationPlatforms) = postSolution
		{BA2B88A9-F2E1-4602-8420-348FE23DE94C}.Debug|Any CPU.ActiveCfg = Debug|Any CPU
		{BA2B88A9-F2E1-4602-8420-348FE23DE94C}.Debug|Any CPU.Build.0 = Debug|Any CPU
		{BA2B88A9-F2E1-4602-8420-348FE23DE94C}.Release|Any CPU.ActiveCfg = Release|Any CPU
		{BA2B88A9-F2E1-4602-8420-348FE23DE94C}.Release|Any CPU.Build.0 = Release|Any CPU
		{CC015F28-0081-4D8D-BD25-B2764B5FB42F}.Debug|Any CPU.ActiveCfg = Debug|Any CPU
		{CC015F28-0081-4D8D-BD25-B2764B5FB42F}.Debug|Any CPU.Build.0 = Debug|Any CPU
		{CC015F28-0081-4D8D-BD25-B2764B5FB42F}.Release|Any CPU.ActiveCfg = Release|Any CPU
		{CC015F28-0081-4D8D-BD25-B2764B5FB42F}.Release|Any CPU.Build.0 = Release|Any CPU
	EndGlobalSection
	GlobalSection(SolutionProperties) = preSolution
		HideSolutionNode = FALSE
	EndGlobalSection
EndGlobal
